
Microsoft Visual Studio Solution File, Format Version 12.00
# Visual Studio 14
VisualStudioVersion = 14.0.25420.1
MinimumVisualStudioVersion = 10.0.40219.1
Project("{FAE04EC0-301F-11D3-BF4B-00C04F79EFBC}") = "DynamicCode", "DynamicCode\DynamicCode.csproj", "{0BE2BFF4-A7F5-41DF-A781-D46B9E98C439}"
EndProject
Project("{FAE04EC0-301F-11D3-BF4B-00C04F79EFBC}") = "DynamicCodeTests", "DynamicCode.Tests\DynamicCodeTests.csproj", "{15BC2FA2-BAF2-4C05-A0A9-4C0D2889F9A9}"
EndProject
Project("{2150E333-8FDC-42A3-9474-1A3956D46DE8}") = "License", "License", "{39E175BD-51A1-41E9-815B-1F0C16C972C1}"
	ProjectSection(SolutionItems) = preProject
		LICENSE.txt = LICENSE.txt
	EndProjectSection
EndProject
Global
	GlobalSection(SolutionConfigurationPlatforms) = preSolution
		Debug|Any CPU = Debug|Any CPU
		Release|Any CPU = Release|Any CPU
	EndGlobalSection
	GlobalSection(ProjectConfigurationPlatforms) = postSolution
		{0BE2BFF4-A7F5-41DF-A781-D46B9E98C439}.Debug|Any CPU.ActiveCfg = Debug|Any CPU
		{0BE2BFF4-A7F5-41DF-A781-D46B9E98C439}.Debug|Any CPU.Build.0 = Debug|Any CPU
		{0BE2BFF4-A7F5-41DF-A781-D46B9E98C439}.Release|Any CPU.ActiveCfg = Release|Any CPU
		{0BE2BFF4-A7F5-41DF-A781-D46B9E98C439}.Release|Any CPU.Build.0 = Release|Any CPU
		{15BC2FA2-BAF2-4C05-A0A9-4C0D2889F9A9}.Debug|Any CPU.ActiveCfg = Debug|Any CPU
		{15BC2FA2-BAF2-4C05-A0A9-4C0D2889F9A9}.Debug|Any CPU.Build.0 = Debug|Any CPU
		{15BC2FA2-BAF2-4C05-A0A9-4C0D2889F9A9}.Release|Any CPU.ActiveCfg = Release|Any CPU
		{15BC2FA2-BAF2-4C05-A0A9-4C0D2889F9A9}.Release|Any CPU.Build.0 = Release|Any CPU
	EndGlobalSection
	GlobalSection(SolutionProperties) = preSolution
		HideSolutionNode = FALSE
	EndGlobalSection
EndGlobal
